
Microsoft Visual Studio Solution File, Format Version 12.00
Project("{FAE04EC0-301F-11D3-BF4B-00C04F79EFBC}") = "ItHappened.Domain", "ItHappened.Domain\ItHappened.Domain.csproj", "{FEE7DF56-36BF-4341-AC97-321A69A8F23B}"
EndProject
Project("{FAE04EC0-301F-11D3-BF4B-00C04F79EFBC}") = "ItHappened.UnitTests", "ItHappened.UnitTests\ItHappened.UnitTests.csproj", "{9E3F4893-C80F-48B3-8D03-0F40C38E344F}"
EndProject
Project("{FAE04EC0-301F-11D3-BF4B-00C04F79EFBC}") = "Usage", "Usage\Usage.csproj", "{AE80A66B-199A-4CC3-A192-3E545098807C}"
EndProject
Project("{FAE04EC0-301F-11D3-BF4B-00C04F79EFBC}") = "ItHappened.Infrastructure", "ItHappened.Infrastructure\ItHappened.Infrastructure.csproj", "{65A18D0F-21EB-46BF-8E0A-8A999BDA2C52}"
EndProject
Project("{FAE04EC0-301F-11D3-BF4B-00C04F79EFBC}") = "ItHappened.Application", "ItHappened.Application\ItHappened.Application.csproj", "{9CD26DFA-BD44-4333-B3AA-3D94DAAEB9A8}"
EndProject
Project("{FAE04EC0-301F-11D3-BF4B-00C04F79EFBC}") = "DemoApp", "..\ItHappened5.Demo\DemoApp\DemoApp.csproj", "{EBF1500A-A690-4110-ABEB-5108AE53852E}"
EndProject
Global
	GlobalSection(SolutionConfigurationPlatforms) = preSolution
		Debug|Any CPU = Debug|Any CPU
		Release|Any CPU = Release|Any CPU
	EndGlobalSection
	GlobalSection(ProjectConfigurationPlatforms) = postSolution
		{FEE7DF56-36BF-4341-AC97-321A69A8F23B}.Debug|Any CPU.ActiveCfg = Debug|Any CPU
		{FEE7DF56-36BF-4341-AC97-321A69A8F23B}.Debug|Any CPU.Build.0 = Debug|Any CPU
		{FEE7DF56-36BF-4341-AC97-321A69A8F23B}.Release|Any CPU.ActiveCfg = Release|Any CPU
		{FEE7DF56-36BF-4341-AC97-321A69A8F23B}.Release|Any CPU.Build.0 = Release|Any CPU
		{9E3F4893-C80F-48B3-8D03-0F40C38E344F}.Debug|Any CPU.ActiveCfg = Debug|Any CPU
		{9E3F4893-C80F-48B3-8D03-0F40C38E344F}.Debug|Any CPU.Build.0 = Debug|Any CPU
		{9E3F4893-C80F-48B3-8D03-0F40C38E344F}.Release|Any CPU.ActiveCfg = Release|Any CPU
		{9E3F4893-C80F-48B3-8D03-0F40C38E344F}.Release|Any CPU.Build.0 = Release|Any CPU
		{AE80A66B-199A-4CC3-A192-3E545098807C}.Debug|Any CPU.ActiveCfg = Debug|Any CPU
		{AE80A66B-199A-4CC3-A192-3E545098807C}.Debug|Any CPU.Build.0 = Debug|Any CPU
		{AE80A66B-199A-4CC3-A192-3E545098807C}.Release|Any CPU.ActiveCfg = Release|Any CPU
		{AE80A66B-199A-4CC3-A192-3E545098807C}.Release|Any CPU.Build.0 = Release|Any CPU
		{65A18D0F-21EB-46BF-8E0A-8A999BDA2C52}.Debug|Any CPU.ActiveCfg = Debug|Any CPU
		{65A18D0F-21EB-46BF-8E0A-8A999BDA2C52}.Debug|Any CPU.Build.0 = Debug|Any CPU
		{65A18D0F-21EB-46BF-8E0A-8A999BDA2C52}.Release|Any CPU.ActiveCfg = Release|Any CPU
		{65A18D0F-21EB-46BF-8E0A-8A999BDA2C52}.Release|Any CPU.Build.0 = Release|Any CPU
		{9CD26DFA-BD44-4333-B3AA-3D94DAAEB9A8}.Debug|Any CPU.ActiveCfg = Debug|Any CPU
		{9CD26DFA-BD44-4333-B3AA-3D94DAAEB9A8}.Debug|Any CPU.Build.0 = Debug|Any CPU
		{9CD26DFA-BD44-4333-B3AA-3D94DAAEB9A8}.Release|Any CPU.ActiveCfg = Release|Any CPU
		{9CD26DFA-BD44-4333-B3AA-3D94DAAEB9A8}.Release|Any CPU.Build.0 = Release|Any CPU
		{EBF1500A-A690-4110-ABEB-5108AE53852E}.Debug|Any CPU.ActiveCfg = Debug|Any CPU
		{EBF1500A-A690-4110-ABEB-5108AE53852E}.Debug|Any CPU.Build.0 = Debug|Any CPU
		{EBF1500A-A690-4110-ABEB-5108AE53852E}.Release|Any CPU.ActiveCfg = Release|Any CPU
		{EBF1500A-A690-4110-ABEB-5108AE53852E}.Release|Any CPU.Build.0 = Release|Any CPU
	EndGlobalSection
EndGlobal
